{
    "name": "example",
    "version": "0.0.1",
    "lockfileVersion": 1,
    "requires": true,
    "dependencies": {
        "@types/jasmine": {
            "version": "2.6.3",
            "resolved": "https://registry.npmjs.org/@types/jasmine/-/jasmine-2.6.3.tgz",
            "integrity": "sha512-2dJf9//QxTnFBXHsCqLbB55jlMreJQie9HhgsZrSgHveOKCWVmgcXgRyvIi22Ndk/dJ/e2srLOstk2NgVbb7XA==",
            "dev": true
        }
    }
}
